
Microsoft Visual Studio Solution File, Format Version 12.00
# Visual Studio Version 16
VisualStudioVersion = 16.0.29409.12
MinimumVisualStudioVersion = 10.0.40219.1
Project("{FAE04EC0-301F-11D3-BF4B-00C04F79EFBC}") = "WorkerService1", "WorkerService1\WorkerService1.csproj", "{759F8A92-BBFC-4393-A524-D9290B1E90CF}"
EndProject
Global
	GlobalSection(SolutionConfigurationPlatforms) = preSolution
		Debug|Any CPU = Debug|Any CPU
		Release|Any CPU = Release|Any CPU
	EndGlobalSection
	GlobalSection(ProjectConfigurationPlatforms) = postSolution
		{759F8A92-BBFC-4393-A524-D9290B1E90CF}.Debug|Any CPU.ActiveCfg = Debug|Any CPU
		{759F8A92-BBFC-4393-A524-D9290B1E90CF}.Debug|Any CPU.Build.0 = Debug|Any CPU
		{759F8A92-BBFC-4393-A524-D9290B1E90CF}.Release|Any CPU.ActiveCfg = Release|Any CPU
		{759F8A92-BBFC-4393-A524-D9290B1E90CF}.Release|Any CPU.Build.0 = Release|Any CPU
	EndGlobalSection
	GlobalSection(SolutionProperties) = preSolution
		HideSolutionNode = FALSE
	EndGlobalSection
	GlobalSection(ExtensibilityGlobals) = postSolution
		SolutionGuid = {D9A7505F-AB6C-4657-A26B-3F821110390C}
	EndGlobalSection
EndGlobal
